
Microsoft Visual Studio Solution File, Format Version 12.00
# Visual Studio Version 17
VisualStudioVersion = 17.9.34902.65
MinimumVisualStudioVersion = 10.0.40219.1
Project("{FAE04EC0-301F-11D3-BF4B-00C04F79EFBC}") = "projektWPF", "projektWPF\projektWPF.csproj", "{97577808-678C-4861-B4C2-EE5C38E71B4C}"
EndProject
Global
	GlobalSection(SolutionConfigurationPlatforms) = preSolution
		Debug|Any CPU = Debug|Any CPU
		Release|Any CPU = Release|Any CPU
	EndGlobalSection
	GlobalSection(ProjectConfigurationPlatforms) = postSolution
		{97577808-678C-4861-B4C2-EE5C38E71B4C}.Debug|Any CPU.ActiveCfg = Debug|Any CPU
		{97577808-678C-4861-B4C2-EE5C38E71B4C}.Debug|Any CPU.Build.0 = Debug|Any CPU
		{97577808-678C-4861-B4C2-EE5C38E71B4C}.Release|Any CPU.ActiveCfg = Release|Any CPU
		{97577808-678C-4861-B4C2-EE5C38E71B4C}.Release|Any CPU.Build.0 = Release|Any CPU
	EndGlobalSection
	GlobalSection(SolutionProperties) = preSolution
		HideSolutionNode = FALSE
	EndGlobalSection
	GlobalSection(ExtensibilityGlobals) = postSolution
		SolutionGuid = {1C8A767B-52E2-42A4-9A6B-903873E75A89}
	EndGlobalSection
EndGlobal
